<?xml version="1.0" encoding="utf-8"?>
<Project ToolsVersion="4.0" xmlns="http://schemas.microsoft.com/developer/msbuild/2003">
  <ItemGroup>
    <ClCompile Include="btn.cpp" />
    <ClCompile Include="Button.cpp" />
    <ClCompile Include="Database.cpp" />
    <ClCompile Include="Homepage.cpp" />
    <ClCompile Include="Icon.cpp" />
    <ClCompile Include="InputField.cpp" />
    <ClCompile Include="musicOptions.cpp" />
    <ClCompile Include="Points.cpp" />
    <ClCompile Include="Pop_Up_Message.cpp" />
    <ClCompile Include="Session.cpp" />
    <ClCompile Include="Session_Tracker.cpp" />
    <ClCompile Include="Study_Planner.cpp" />
    <ClCompile Include="Sudoku.cpp" />
    <ClCompile Include="timeSetter.cpp" />
    <ClCompile Include="TodoList.cpp" />
    <ClCompile Include="toggleMusic.cpp" />
    <ClCompile Include="C:\Users\Progosta\Desktop\SQLITE\sqlite3.c" />
    <ClCompile Include="InputTodo.cpp" />
  </ItemGroup>
  <ItemGroup>
    <ClInclude Include="Btn.h" />
    <ClInclude Include="Button.h" />
    <ClInclude Include="Database.h" />
    <ClInclude Include="Icon.h" />
    <ClInclude Include="InputField.h" />
    <ClInclude Include="InputTodo.h" />
    <ClInclude Include="musicOptions.h" />
    <ClInclude Include="Points.h" />
    <ClInclude Include="Pop_Up_Message.h" />
    <ClInclude Include="Session.h" />
    <ClInclude Include="Session_Tracker.h" />
    <ClInclude Include="Study_Planner.h" />
    <ClInclude Include="Sudoku.h" />
    <ClInclude Include="timeSetter.h" />
    <ClInclude Include="TodoList.h" />
    <ClInclude Include="toggleMusic.h" />
  </ItemGroup>
  <ItemGroup>
    <None Include="packages.config" />
  </ItemGroup>
</Project>