<?xml version="1.0" encoding="utf-8"?>
<Project ToolsVersion="4.0" xmlns="http://schemas.microsoft.com/developer/msbuild/2003">
  <ItemGroup>
    <ClCompile Include="main.cpp" />
    <ClCompile Include="Points.cpp" />
    <ClCompile Include="timeSetter.cpp" />
    <ClCompile Include="toggleMusic.cpp" />
    <ClCompile Include="btn.cpp" />
    <ClCompile Include="musicOptions.cpp" />
  </ItemGroup>
  <ItemGroup>
    <ClInclude Include="Points.h" />
    <ClInclude Include="timeSetter.h" />
    <ClInclude Include="toggleMusic.h" />
    <ClInclude Include="Btn.h" />
    <ClInclude Include="musicOptions.h" />
  </ItemGroup>
  <ItemGroup>
    <None Include="packages.config" />
  </ItemGroup>
</Project>